
Microsoft Visual Studio Solution File, Format Version 12.00
# Visual Studio Version 17
VisualStudioVersion = 17.9.34728.123
MinimumVisualStudioVersion = 10.0.40219.1
Project("{FAE04EC0-301F-11D3-BF4B-00C04F79EFBC}") = "SparkHRMS", "SparkHRMS.csproj", "{FAC2C190-9504-4CB0-B97C-8C9858B87460}"
EndProject
Global
	GlobalSection(SolutionConfigurationPlatforms) = preSolution
		Debug|Any CPU = Debug|Any CPU
		Release|Any CPU = Release|Any CPU
	EndGlobalSection
	GlobalSection(ProjectConfigurationPlatforms) = postSolution
		{FAC2C190-9504-4CB0-B97C-8C9858B87460}.Debug|Any CPU.ActiveCfg = Debug|Any CPU
		{FAC2C190-9504-4CB0-B97C-8C9858B87460}.Debug|Any CPU.Build.0 = Debug|Any CPU
		{FAC2C190-9504-4CB0-B97C-8C9858B87460}.Release|Any CPU.ActiveCfg = Release|Any CPU
		{FAC2C190-9504-4CB0-B97C-8C9858B87460}.Release|Any CPU.Build.0 = Release|Any CPU
	EndGlobalSection
	GlobalSection(SolutionProperties) = preSolution
		HideSolutionNode = FALSE
	EndGlobalSection
	GlobalSection(ExtensibilityGlobals) = postSolution
		SolutionGuid = {3CF69198-90B2-40A0-B1B8-EEEE93EF1689}
	EndGlobalSection
EndGlobal
